
Microsoft Visual Studio Solution File, Format Version 12.00
# Visual Studio Version 16
VisualStudioVersion = 16.0.31019.35
MinimumVisualStudioVersion = 10.0.40219.1
Project("{FAE04EC0-301F-11D3-BF4B-00C04F79EFBC}") = "Bootstrap", "Bootstrap.csproj", "{0B9EB14C-75A5-44CE-8CF1-6A6AB68FBCC6}"
EndProject
Global
	GlobalSection(SolutionConfigurationPlatforms) = preSolution
		Debug|Any CPU = Debug|Any CPU
		Release|Any CPU = Release|Any CPU
	EndGlobalSection
	GlobalSection(ProjectConfigurationPlatforms) = postSolution
		{0B9EB14C-75A5-44CE-8CF1-6A6AB68FBCC6}.Debug|Any CPU.ActiveCfg = Debug|Any CPU
		{0B9EB14C-75A5-44CE-8CF1-6A6AB68FBCC6}.Debug|Any CPU.Build.0 = Debug|Any CPU
		{0B9EB14C-75A5-44CE-8CF1-6A6AB68FBCC6}.Release|Any CPU.ActiveCfg = Release|Any CPU
		{0B9EB14C-75A5-44CE-8CF1-6A6AB68FBCC6}.Release|Any CPU.Build.0 = Release|Any CPU
	EndGlobalSection
	GlobalSection(SolutionProperties) = preSolution
		HideSolutionNode = FALSE
	EndGlobalSection
	GlobalSection(ExtensibilityGlobals) = postSolution
		SolutionGuid = {C2C19281-9896-4BDE-B398-A9485767B8D6}
	EndGlobalSection
EndGlobal
